
Microsoft Visual Studio Solution File, Format Version 12.00
# Visual Studio Version 17
VisualStudioVersion = 17.8.34511.84
MinimumVisualStudioVersion = 10.0.40219.1
Project("{FAE04EC0-301F-11D3-BF4B-00C04F79EFBC}") = "Modeling LR2", "Modeling LR2\Modeling LR2.csproj", "{8959668A-6663-4E5E-A3DD-F4B05A5F5372}"
EndProject
Global
	GlobalSection(SolutionConfigurationPlatforms) = preSolution
		Debug|Any CPU = Debug|Any CPU
		Release|Any CPU = Release|Any CPU
	EndGlobalSection
	GlobalSection(ProjectConfigurationPlatforms) = postSolution
		{8959668A-6663-4E5E-A3DD-F4B05A5F5372}.Debug|Any CPU.ActiveCfg = Debug|Any CPU
		{8959668A-6663-4E5E-A3DD-F4B05A5F5372}.Debug|Any CPU.Build.0 = Debug|Any CPU
		{8959668A-6663-4E5E-A3DD-F4B05A5F5372}.Release|Any CPU.ActiveCfg = Release|Any CPU
		{8959668A-6663-4E5E-A3DD-F4B05A5F5372}.Release|Any CPU.Build.0 = Release|Any CPU
	EndGlobalSection
	GlobalSection(SolutionProperties) = preSolution
		HideSolutionNode = FALSE
	EndGlobalSection
	GlobalSection(ExtensibilityGlobals) = postSolution
		SolutionGuid = {5BD0E2D0-B680-488B-90C7-092A96BE1FD1}
	EndGlobalSection
EndGlobal
